
Microsoft Visual Studio Solution File, Format Version 12.00
# Visual Studio Version 16
VisualStudioVersion = 16.0.30104.148
MinimumVisualStudioVersion = 10.0.40219.1
Project("{FAE04EC0-301F-11D3-BF4B-00C04F79EFBC}") = "TestsForCalculates", "TestsForCalculates\TestsForCalculates.csproj", "{B8ADE813-2A02-495B-A14D-FB6A6604D41B}"
EndProject
Global
	GlobalSection(SolutionConfigurationPlatforms) = preSolution
		Debug|Any CPU = Debug|Any CPU
		Release|Any CPU = Release|Any CPU
	EndGlobalSection
	GlobalSection(ProjectConfigurationPlatforms) = postSolution
		{B8ADE813-2A02-495B-A14D-FB6A6604D41B}.Debug|Any CPU.ActiveCfg = Debug|Any CPU
		{B8ADE813-2A02-495B-A14D-FB6A6604D41B}.Debug|Any CPU.Build.0 = Debug|Any CPU
		{B8ADE813-2A02-495B-A14D-FB6A6604D41B}.Release|Any CPU.ActiveCfg = Release|Any CPU
		{B8ADE813-2A02-495B-A14D-FB6A6604D41B}.Release|Any CPU.Build.0 = Release|Any CPU
	EndGlobalSection
	GlobalSection(SolutionProperties) = preSolution
		HideSolutionNode = FALSE
	EndGlobalSection
	GlobalSection(ExtensibilityGlobals) = postSolution
		SolutionGuid = {6A039A10-9B06-4106-AD74-301A61BD4D66}
	EndGlobalSection
EndGlobal
